
Microsoft Visual Studio Solution File, Format Version 12.00
# Visual Studio Version 16
VisualStudioVersion = 16.0.30503.244
MinimumVisualStudioVersion = 10.0.40219.1
Project("{2150E333-8FDC-42A3-9474-1A3956D46DE8}") = "Presentation", "Presentation", "{C5047CCC-42A5-48D5-B450-C79B2DAA3047}"
EndProject
Project("{9A19103F-16F7-4668-BE54-9A1E7A4F7556}") = "Motel.Services", "Motel.Services\Motel.Services.csproj", "{05E1B6D8-24BA-411A-AA6B-1674267CEDEF}"
EndProject
Project("{2150E333-8FDC-42A3-9474-1A3956D46DE8}") = "Services", "Services", "{D5421161-A440-49FA-AC66-D4DED26CAC38}"
EndProject
Project("{2150E333-8FDC-42A3-9474-1A3956D46DE8}") = "Libraries", "Libraries", "{ABBD00C5-853B-4D4E-9327-D6211269B11E}"
EndProject
Project("{2150E333-8FDC-42A3-9474-1A3956D46DE8}") = "Domain", "Domain", "{265DFE00-3FE7-4B6F-A37A-682446E3CC0E}"
EndProject
Project("{9A19103F-16F7-4668-BE54-9A1E7A4F7556}") = "Motel.Core", "Motel.Core\Motel.Core.csproj", "{EE0FFAA4-D50E-421E-9A19-B756E950B76B}"
EndProject
Project("{9A19103F-16F7-4668-BE54-9A1E7A4F7556}") = "Motel.Domain", "Motel.Domain\Motel.Domain.csproj", "{336DAB7C-DA04-4736-8954-C209FED8CEE9}"
EndProject
Project("{9A19103F-16F7-4668-BE54-9A1E7A4F7556}") = "Motel.Api.Framework", "Motel.Api.Framework\Motel.Api.Framework.csproj", "{71081C63-EA87-405C-B788-2D606DFC75BF}"
EndProject
Project("{9A19103F-16F7-4668-BE54-9A1E7A4F7556}") = "Motel.Api.Services", "Motel.Api.Services\Motel.Api.Services.csproj", "{E2625A41-9EB4-4C2A-ABBC-80D5958B1755}"
EndProject
Global
	GlobalSection(SolutionConfigurationPlatforms) = preSolution
		Debug|Any CPU = Debug|Any CPU
		Release|Any CPU = Release|Any CPU
	EndGlobalSection
	GlobalSection(ProjectConfigurationPlatforms) = postSolution
		{05E1B6D8-24BA-411A-AA6B-1674267CEDEF}.Debug|Any CPU.ActiveCfg = Debug|Any CPU
		{05E1B6D8-24BA-411A-AA6B-1674267CEDEF}.Debug|Any CPU.Build.0 = Debug|Any CPU
		{05E1B6D8-24BA-411A-AA6B-1674267CEDEF}.Release|Any CPU.ActiveCfg = Release|Any CPU
		{05E1B6D8-24BA-411A-AA6B-1674267CEDEF}.Release|Any CPU.Build.0 = Release|Any CPU
		{EE0FFAA4-D50E-421E-9A19-B756E950B76B}.Debug|Any CPU.ActiveCfg = Debug|Any CPU
		{EE0FFAA4-D50E-421E-9A19-B756E950B76B}.Debug|Any CPU.Build.0 = Debug|Any CPU
		{EE0FFAA4-D50E-421E-9A19-B756E950B76B}.Release|Any CPU.ActiveCfg = Release|Any CPU
		{EE0FFAA4-D50E-421E-9A19-B756E950B76B}.Release|Any CPU.Build.0 = Release|Any CPU
		{336DAB7C-DA04-4736-8954-C209FED8CEE9}.Debug|Any CPU.ActiveCfg = Debug|Any CPU
		{336DAB7C-DA04-4736-8954-C209FED8CEE9}.Debug|Any CPU.Build.0 = Debug|Any CPU
		{336DAB7C-DA04-4736-8954-C209FED8CEE9}.Release|Any CPU.ActiveCfg = Release|Any CPU
		{336DAB7C-DA04-4736-8954-C209FED8CEE9}.Release|Any CPU.Build.0 = Release|Any CPU
		{71081C63-EA87-405C-B788-2D606DFC75BF}.Debug|Any CPU.ActiveCfg = Debug|Any CPU
		{71081C63-EA87-405C-B788-2D606DFC75BF}.Debug|Any CPU.Build.0 = Debug|Any CPU
		{71081C63-EA87-405C-B788-2D606DFC75BF}.Release|Any CPU.ActiveCfg = Release|Any CPU
		{71081C63-EA87-405C-B788-2D606DFC75BF}.Release|Any CPU.Build.0 = Release|Any CPU
		{E2625A41-9EB4-4C2A-ABBC-80D5958B1755}.Debug|Any CPU.ActiveCfg = Debug|Any CPU
		{E2625A41-9EB4-4C2A-ABBC-80D5958B1755}.Debug|Any CPU.Build.0 = Debug|Any CPU
		{E2625A41-9EB4-4C2A-ABBC-80D5958B1755}.Release|Any CPU.ActiveCfg = Release|Any CPU
		{E2625A41-9EB4-4C2A-ABBC-80D5958B1755}.Release|Any CPU.Build.0 = Release|Any CPU
	EndGlobalSection
	GlobalSection(SolutionProperties) = preSolution
		HideSolutionNode = FALSE
	EndGlobalSection
	GlobalSection(NestedProjects) = preSolution
		{05E1B6D8-24BA-411A-AA6B-1674267CEDEF} = {ABBD00C5-853B-4D4E-9327-D6211269B11E}
		{D5421161-A440-49FA-AC66-D4DED26CAC38} = {C5047CCC-42A5-48D5-B450-C79B2DAA3047}
		{EE0FFAA4-D50E-421E-9A19-B756E950B76B} = {265DFE00-3FE7-4B6F-A37A-682446E3CC0E}
		{336DAB7C-DA04-4736-8954-C209FED8CEE9} = {265DFE00-3FE7-4B6F-A37A-682446E3CC0E}
		{71081C63-EA87-405C-B788-2D606DFC75BF} = {D5421161-A440-49FA-AC66-D4DED26CAC38}
		{E2625A41-9EB4-4C2A-ABBC-80D5958B1755} = {D5421161-A440-49FA-AC66-D4DED26CAC38}
	EndGlobalSection
	GlobalSection(ExtensibilityGlobals) = postSolution
		SolutionGuid = {6DAF7C80-5BA5-4DA6-8E29-DE41481D5EE4}
	EndGlobalSection
EndGlobal
